// !$*UTF8*$!
{
	archiveVersion = 1;
	classes = {
	};
	objectVersion = 46;
	objects = {

/* Begin PBXBuildFile section */
		0E0019C51A09E34B0086CD77 /* SelectCategoryTableViewController.m in Sources */ = {isa = PBXBuildFile; fileRef = 0E0019C41A09E34B0086CD77 /* SelectCategoryTableViewController.m */; };
		0E0019C81A09E5A00086CD77 /* HLSettings.m in Sources */ = {isa = PBXBuildFile; fileRef = 0E0019C71A09E5A00086CD77 /* HLSettings.m */; };
		0E0019CF1A0B3DF30086CD77 /* image.png in Resources */ = {isa = PBXBuildFile; fileRef = 0E0019CE1A0B3DF30086CD77 /* image.png */; };
		0E0019D11A0B3F660086CD77 /* Ariel1.png in Resources */ = {isa = PBXBuildFile; fileRef = 0E0019D01A0B3F660086CD77 /* Ariel1.png */; };
		0E0019D41A0C95B20086CD77 /* MyCartCollectionView.m in Sources */ = {isa = PBXBuildFile; fileRef = 0E0019D31A0C95B20086CD77 /* MyCartCollectionView.m */; };
		0E0019D71A0E91CD0086CD77 /* OfferFilterViewController.m in Sources */ = {isa = PBXBuildFile; fileRef = 0E0019D61A0E91CD0086CD77 /* OfferFilterViewController.m */; };
		0E0019DE1A0E948F0086CD77 /* sliderMaxTrack.png in Resources */ = {isa = PBXBuildFile; fileRef = 0E0019D81A0E948F0086CD77 /* sliderMaxTrack.png */; };
		0E0019DF1A0E948F0086CD77 /* sliderMaxTrack@2x.png in Resources */ = {isa = PBXBuildFile; fileRef = 0E0019D91A0E948F0086CD77 /* sliderMaxTrack@2x.png */; };
		0E0019E01A0E948F0086CD77 /* sliderMinTrack.png in Resources */ = {isa = PBXBuildFile; fileRef = 0E0019DA1A0E948F0086CD77 /* sliderMinTrack.png */; };
		0E0019E11A0E948F0086CD77 /* sliderMinTrack@2x.png in Resources */ = {isa = PBXBuildFile; fileRef = 0E0019DB1A0E948F0086CD77 /* sliderMinTrack@2x.png */; };
		0E17BED419FC8BAE0042C4DD /* main.m in Sources */ = {isa = PBXBuildFile; fileRef = 0E17BED319FC8BAE0042C4DD /* main.m */; };
		0E17BED719FC8BAE0042C4DD /* AppDelegate.m in Sources */ = {isa = PBXBuildFile; fileRef = 0E17BED619FC8BAE0042C4DD /* AppDelegate.m */; };
		0E17BEDD19FC8BAE0042C4DD /* Main.storyboard in Resources */ = {isa = PBXBuildFile; fileRef = 0E17BEDB19FC8BAE0042C4DD /* Main.storyboard */; };
		0E17BEDF19FC8BAE0042C4DD /* Images.xcassets in Resources */ = {isa = PBXBuildFile; fileRef = 0E17BEDE19FC8BAE0042C4DD /* Images.xcassets */; };
		0E17BEE219FC8BAE0042C4DD /* LaunchScreen.xib in Resources */ = {isa = PBXBuildFile; fileRef = 0E17BEE019FC8BAE0042C4DD /* LaunchScreen.xib */; };
		0E17BEEE19FC8BAE0042C4DD /* HooliTests.m in Sources */ = {isa = PBXBuildFile; fileRef = 0E17BEED19FC8BAE0042C4DD /* HooliTests.m */; };
		0E17BEFC19FC927A0042C4DD /* ItemDetailViewController.m in Sources */ = {isa = PBXBuildFile; fileRef = 0E17BEFB19FC927A0042C4DD /* ItemDetailViewController.m */; };
		0E17BF0819FC94410042C4DD /* HLTheme.m in Sources */ = {isa = PBXBuildFile; fileRef = 0E17BF0719FC94410042C4DD /* HLTheme.m */; };
		0E17BF0A19FC94B70042C4DD /* UIKit.framework in Frameworks */ = {isa = PBXBuildFile; fileRef = 0E17BF0919FC94B70042C4DD /* UIKit.framework */; };
		0E17BF0C19FC94BF0042C4DD /* Foundation.framework in Frameworks */ = {isa = PBXBuildFile; fileRef = 0E17BF0B19FC94BF0042C4DD /* Foundation.framework */; };
		0E17BF2819FC99800042C4DD /* DataSource.m in Sources */ = {isa = PBXBuildFile; fileRef = 0E17BF2719FC99800042C4DD /* DataSource.m */; };
		0E17BF3F19FCA7FF0042C4DD /* HomeViewViewController.m in Sources */ = {isa = PBXBuildFile; fileRef = 0E17BF3E19FCA7FF0042C4DD /* HomeViewViewController.m */; };
		0E17BF4E19FDCF0C0042C4DD /* MyCartViewController.m in Sources */ = {isa = PBXBuildFile; fileRef = 0E17BF4D19FDCF0C0042C4DD /* MyCartViewController.m */; };
		0E17BF5119FDD1250042C4DD /* MyCameraViewController.m in Sources */ = {isa = PBXBuildFile; fileRef = 0E17BF5019FDD1250042C4DD /* MyCameraViewController.m */; };
		0E17BF5419FDD1430042C4DD /* MyProfileViewController.m in Sources */ = {isa = PBXBuildFile; fileRef = 0E17BF5319FDD1430042C4DD /* MyProfileViewController.m */; };
		0E17BF5719FDD1B20042C4DD /* MapViewController.m in Sources */ = {isa = PBXBuildFile; fileRef = 0E17BF5619FDD1B20042C4DD /* MapViewController.m */; };
		0E17BF5919FDE7300042C4DD /* AVFoundation.framework in Frameworks */ = {isa = PBXBuildFile; fileRef = 0E17BF5819FDE7300042C4DD /* AVFoundation.framework */; };
		0E17BF5B19FDE7350042C4DD /* MapKit.framework in Frameworks */ = {isa = PBXBuildFile; fileRef = 0E17BF5A19FDE7350042C4DD /* MapKit.framework */; };
		0E17BF5D19FDE73A0042C4DD /* CoreLocation.framework in Frameworks */ = {isa = PBXBuildFile; fileRef = 0E17BF5C19FDE73A0042C4DD /* CoreLocation.framework */; };
		0E17BF6019FDE9230042C4DD /* MBProgressHUD.m in Sources */ = {isa = PBXBuildFile; fileRef = 0E17BF5F19FDE9230042C4DD /* MBProgressHUD.m */; };
		0E17BF6419FDFA7F0042C4DD /* LoginViewController.m in Sources */ = {isa = PBXBuildFile; fileRef = 0E17BF6319FDFA7F0042C4DD /* LoginViewController.m */; };
		0E17BF6719FDFB5F0042C4DD /* AudioToolbox.framework in Frameworks */ = {isa = PBXBuildFile; fileRef = 0E17BF6619FDFB5F0042C4DD /* AudioToolbox.framework */; };
		0E17BF6919FDFB640042C4DD /* CFNetwork.framework in Frameworks */ = {isa = PBXBuildFile; fileRef = 0E17BF6819FDFB640042C4DD /* CFNetwork.framework */; };
		0E17BF6B19FDFB6F0042C4DD /* CoreGraphics.framework in Frameworks */ = {isa = PBXBuildFile; fileRef = 0E17BF6A19FDFB6F0042C4DD /* CoreGraphics.framework */; };
		0E17BF6D19FDFB7C0042C4DD /* libz.dylib in Frameworks */ = {isa = PBXBuildFile; fileRef = 0E17BF6C19FDFB7C0042C4DD /* libz.dylib */; };
		0E17BF6F19FDFB820042C4DD /* MobileCoreServices.framework in Frameworks */ = {isa = PBXBuildFile; fileRef = 0E17BF6E19FDFB820042C4DD /* MobileCoreServices.framework */; };
		0E17BF7119FDFB8A0042C4DD /* QuartzCore.framework in Frameworks */ = {isa = PBXBuildFile; fileRef = 0E17BF7019FDFB8A0042C4DD /* QuartzCore.framework */; };
		0E17BF7319FDFB8E0042C4DD /* Security.framework in Frameworks */ = {isa = PBXBuildFile; fileRef = 0E17BF7219FDFB8E0042C4DD /* Security.framework */; };
		0E17BF7519FDFB950042C4DD /* StoreKit.framework in Frameworks */ = {isa = PBXBuildFile; fileRef = 0E17BF7419FDFB950042C4DD /* StoreKit.framework */; };
		0E17BF7719FDFB9F0042C4DD /* SystemConfiguration.framework in Frameworks */ = {isa = PBXBuildFile; fileRef = 0E17BF7619FDFB9F0042C4DD /* SystemConfiguration.framework */; };
		0E17BF7919FDFEE30042C4DD /* FacebookSDK.framework in Frameworks */ = {isa = PBXBuildFile; fileRef = 0E17BF7819FDFEE30042C4DD /* FacebookSDK.framework */; };
		0E17BF7C19FDFFEF0042C4DD /* Parse.framework in Frameworks */ = {isa = PBXBuildFile; fileRef = 0E17BF7A19FDFFEF0042C4DD /* Parse.framework */; };
		0E17BF7D19FDFFEF0042C4DD /* ParseFacebookUtils.framework in Frameworks */ = {isa = PBXBuildFile; fileRef = 0E17BF7B19FDFFEF0042C4DD /* ParseFacebookUtils.framework */; };
		0E17BF8E19FE04800042C4DD /* collections1.png in Resources */ = {isa = PBXBuildFile; fileRef = 0E17BF7F19FE04800042C4DD /* collections1.png */; };
		0E17BF8F19FE04800042C4DD /* collections2.png in Resources */ = {isa = PBXBuildFile; fileRef = 0E17BF8019FE04800042C4DD /* collections2.png */; };
		0E17BF9019FE04800042C4DD /* collections3.png in Resources */ = {isa = PBXBuildFile; fileRef = 0E17BF8119FE04800042C4DD /* collections3.png */; };
		0E17BF9119FE04800042C4DD /* collections4.png in Resources */ = {isa = PBXBuildFile; fileRef = 0E17BF8219FE04800042C4DD /* collections4.png */; };
		0E17BF9219FE04800042C4DD /* collections5.png in Resources */ = {isa = PBXBuildFile; fileRef = 0E17BF8319FE04800042C4DD /* collections5.png */; };
		0E17BF9319FE04800042C4DD /* collections6.png in Resources */ = {isa = PBXBuildFile; fileRef = 0E17BF8419FE04800042C4DD /* collections6.png */; };
		0E17BF9419FE04800042C4DD /* pink-eye.png in Resources */ = {isa = PBXBuildFile; fileRef = 0E17BF8519FE04800042C4DD /* pink-eye.png */; };
		0E17BF9519FE04800042C4DD /* pink-eye@2x.png in Resources */ = {isa = PBXBuildFile; fileRef = 0E17BF8619FE04800042C4DD /* pink-eye@2x.png */; };
		0E17BF9619FE04800042C4DD /* pink-heart.png in Resources */ = {isa = PBXBuildFile; fileRef = 0E17BF8719FE04800042C4DD /* pink-heart.png */; };
		0E17BF9719FE04800042C4DD /* pink-heart@2x.png in Resources */ = {isa = PBXBuildFile; fileRef = 0E17BF8819FE04800042C4DD /* pink-heart@2x.png */; };
		0E17BF9819FE04800042C4DD /* tab1.png in Resources */ = {isa = PBXBuildFile; fileRef = 0E17BF8919FE04800042C4DD /* tab1.png */; };
		0E17BF9919FE04800042C4DD /* tab2.png in Resources */ = {isa = PBXBuildFile; fileRef = 0E17BF8A19FE04800042C4DD /* tab2.png */; };
		0E17BF9A19FE04800042C4DD /* tab3.png in Resources */ = {isa = PBXBuildFile; fileRef = 0E17BF8B19FE04800042C4DD /* tab3.png */; };
		0E17BF9B19FE04800042C4DD /* tab4.png in Resources */ = {isa = PBXBuildFile; fileRef = 0E17BF8C19FE04800042C4DD /* tab4.png */; };
		0E17BF9C19FE04800042C4DD /* tab5.png in Resources */ = {isa = PBXBuildFile; fileRef = 0E17BF8D19FE04800042C4DD /* tab5.png */; };
		0E2A12541A052AF90036F8EB /* OffersManager.m in Sources */ = {isa = PBXBuildFile; fileRef = 0E2A12531A052AF90036F8EB /* OffersManager.m */; };
		0E2A12571A052B340036F8EB /* OfferModel.m in Sources */ = {isa = PBXBuildFile; fileRef = 0E2A12561A052B340036F8EB /* OfferModel.m */; };
		0E2A125D1A05996D0036F8EB /* OfferCategory.m in Sources */ = {isa = PBXBuildFile; fileRef = 0E2A125C1A05996D0036F8EB /* OfferCategory.m */; };
		0E2A12601A0599CD0036F8EB /* HLConstant.m in Sources */ = {isa = PBXBuildFile; fileRef = 0E2A125F1A0599CD0036F8EB /* HLConstant.m */; };
		0E2A12621A05A3DE0036F8EB /* shadow.png in Resources */ = {isa = PBXBuildFile; fileRef = 0E2A12611A05A3DE0036F8EB /* shadow.png */; };
		0E2A12651A060A620036F8EB /* ImageManager.m in Sources */ = {isa = PBXBuildFile; fileRef = 0E2A12641A060A620036F8EB /* ImageManager.m */; };
		0ECAC35D19FF1BCC002866DE /* button-pressed.png in Resources */ = {isa = PBXBuildFile; fileRef = 0ECAC35919FF1BCC002866DE /* button-pressed.png */; };
		0ECAC35E19FF1BCC002866DE /* button.png in Resources */ = {isa = PBXBuildFile; fileRef = 0ECAC35A19FF1BCC002866DE /* button.png */; };
		0ECAC35F19FF1BCC002866DE /* button-pressed@2x.png in Resources */ = {isa = PBXBuildFile; fileRef = 0ECAC35B19FF1BCC002866DE /* button-pressed@2x.png */; };
		0ECAC36019FF1BCC002866DE /* button@2x.png in Resources */ = {isa = PBXBuildFile; fileRef = 0ECAC35C19FF1BCC002866DE /* button@2x.png */; };
		0ECAC36319FF22C6002866DE /* LocationManager.m in Sources */ = {isa = PBXBuildFile; fileRef = 0ECAC36219FF22C6002866DE /* LocationManager.m */; };
		0ECAC36919FF2983002866DE /* LICENSE in Resources */ = {isa = PBXBuildFile; fileRef = 0ECAC36519FF2983002866DE /* LICENSE */; };
		0ECAC36A19FF2983002866DE /* readme.md in Sources */ = {isa = PBXBuildFile; fileRef = 0ECAC36619FF2983002866DE /* readme.md */; };
		0ECAC36B19FF2983002866DE /* SMPageControl.m in Sources */ = {isa = PBXBuildFile; fileRef = 0ECAC36819FF2983002866DE /* SMPageControl.m */; };
		0ECAC36E19FF2A65002866DE /* pageControl-dot-selected@2x.png in Resources */ = {isa = PBXBuildFile; fileRef = 0ECAC36C19FF2A65002866DE /* pageControl-dot-selected@2x.png */; };
		0ECAC36F19FF2A65002866DE /* pageControl-dot@2x.png in Resources */ = {isa = PBXBuildFile; fileRef = 0ECAC36D19FF2A65002866DE /* pageControl-dot@2x.png */; };
		0ECAC37319FF2B78002866DE /* Details1.png in Resources */ = {isa = PBXBuildFile; fileRef = 0ECAC37019FF2B78002866DE /* Details1.png */; };
		0ECAC37419FF2B78002866DE /* Details2.png in Resources */ = {isa = PBXBuildFile; fileRef = 0ECAC37119FF2B78002866DE /* Details2.png */; };
		0ECAC37519FF2B78002866DE /* Details3.png in Resources */ = {isa = PBXBuildFile; fileRef = 0ECAC37219FF2B78002866DE /* Details3.png */; };
		0ECAC37819FF2BAC002866DE /* AccountManager.m in Sources */ = {isa = PBXBuildFile; fileRef = 0ECAC37719FF2BAC002866DE /* AccountManager.m */; };
		0ECAC38C19FF4412002866DE /* ItemCell.m in Sources */ = {isa = PBXBuildFile; fileRef = 0ECAC38A19FF4412002866DE /* ItemCell.m */; };
		0ECAC38D19FF4412002866DE /* ItemCell.xib in Resources */ = {isa = PBXBuildFile; fileRef = 0ECAC38B19FF4412002866DE /* ItemCell.xib */; };
		0ECAC39019FF502B002866DE /* MainCollectionViewFlowLayout.m in Sources */ = {isa = PBXBuildFile; fileRef = 0ECAC38F19FF502B002866DE /* MainCollectionViewFlowLayout.m */; };
		0ECAC39319FF5880002866DE /* MainCollectionView.m in Sources */ = {isa = PBXBuildFile; fileRef = 0ECAC39219FF5880002866DE /* MainCollectionView.m */; };
		0ECAC39619FF59FA002866DE /* SearchResultViewController.m in Sources */ = {isa = PBXBuildFile; fileRef = 0ECAC39519FF59FA002866DE /* SearchResultViewController.m */; };
		0ECAC39C1A01B820002866DE /* Detail.storyboard in Resources */ = {isa = PBXBuildFile; fileRef = 0ECAC39B1A01B820002866DE /* Detail.storyboard */; };
		0ECAC3A21A01C227002866DE /* MessageUI.framework in Frameworks */ = {isa = PBXBuildFile; fileRef = 0ECAC3A11A01C227002866DE /* MessageUI.framework */; };
		0ECAC3A91A01C51D002866DE /* SearchItemViewController.m in Sources */ = {isa = PBXBuildFile; fileRef = 0ECAC3A81A01C51D002866DE /* SearchItemViewController.m */; };
		0ECAC3B31A01CA2F002866DE /* CategoryCell.m in Sources */ = {isa = PBXBuildFile; fileRef = 0ECAC3B11A01CA2F002866DE /* CategoryCell.m */; };
		0ECAC3B41A01CA2F002866DE /* CategoryCell.xib in Resources */ = {isa = PBXBuildFile; fileRef = 0ECAC3B21A01CA2F002866DE /* CategoryCell.xib */; };
		0ECAC3BA1A01D4AA002866DE /* CameraOverlayViewController.m in Sources */ = {isa = PBXBuildFile; fileRef = 0ECAC3B81A01D4AA002866DE /* CameraOverlayViewController.m */; };
		0ECAC3BB1A01D4AA002866DE /* CameraOverlayViewController.xib in Resources */ = {isa = PBXBuildFile; fileRef = 0ECAC3B91A01D4AA002866DE /* CameraOverlayViewController.xib */; };
		0ECAC3BE1A01FA6B002866DE /* HomeTabBarController.m in Sources */ = {isa = PBXBuildFile; fileRef = 0ECAC3BD1A01FA6B002866DE /* HomeTabBarController.m */; };
/* End PBXBuildFile section */

/* Begin PBXContainerItemProxy section */
		0E17BEE819FC8BAE0042C4DD /* PBXContainerItemProxy */ = {
			isa = PBXContainerItemProxy;
			containerPortal = 0E17BEC619FC8BAE0042C4DD /* Project object */;
			proxyType = 1;
			remoteGlobalIDString = 0E17BECD19FC8BAE0042C4DD;
			remoteInfo = Hooli;
		};
/* End PBXContainerItemProxy section */

/* Begin PBXFileReference section */
		0E0019C31A09E34B0086CD77 /* SelectCategoryTableViewController.h */ = {isa = PBXFileReference; fileEncoding = 4; lastKnownFileType = sourcecode.c.h; path = SelectCategoryTableViewController.h; sourceTree = "<group>"; };
		0E0019C41A09E34B0086CD77 /* SelectCategoryTableViewController.m */ = {isa = PBXFileReference; fileEncoding = 4; lastKnownFileType = sourcecode.c.objc; path = SelectCategoryTableViewController.m; sourceTree = "<group>"; };
		0E0019C61A09E5A00086CD77 /* HLSettings.h */ = {isa = PBXFileReference; fileEncoding = 4; lastKnownFileType = sourcecode.c.h; path = HLSettings.h; sourceTree = "<group>"; };
		0E0019C71A09E5A00086CD77 /* HLSettings.m */ = {isa = PBXFileReference; fileEncoding = 4; lastKnownFileType = sourcecode.c.objc; path = HLSettings.m; sourceTree = "<group>"; };
		0E0019CE1A0B3DF30086CD77 /* image.png */ = {isa = PBXFileReference; lastKnownFileType = image.png; path = image.png; sourceTree = "<group>"; };
		0E0019D01A0B3F660086CD77 /* Ariel1.png */ = {isa = PBXFileReference; lastKnownFileType = image.png; path = Ariel1.png; sourceTree = "<group>"; };
		0E0019D21A0C95B20086CD77 /* MyCartCollectionView.h */ = {isa = PBXFileReference; fileEncoding = 4; lastKnownFileType = sourcecode.c.h; path = MyCartCollectionView.h; sourceTree = "<group>"; };
		0E0019D31A0C95B20086CD77 /* MyCartCollectionView.m */ = {isa = PBXFileReference; fileEncoding = 4; lastKnownFileType = sourcecode.c.objc; path = MyCartCollectionView.m; sourceTree = "<group>"; };
		0E0019D51A0E91CD0086CD77 /* OfferFilterViewController.h */ = {isa = PBXFileReference; fileEncoding = 4; lastKnownFileType = sourcecode.c.h; path = OfferFilterViewController.h; sourceTree = "<group>"; };
		0E0019D61A0E91CD0086CD77 /* OfferFilterViewController.m */ = {isa = PBXFileReference; fileEncoding = 4; lastKnownFileType = sourcecode.c.objc; path = OfferFilterViewController.m; sourceTree = "<group>"; };
		0E0019D81A0E948F0086CD77 /* sliderMaxTrack.png */ = {isa = PBXFileReference; lastKnownFileType = image.png; path = sliderMaxTrack.png; sourceTree = "<group>"; };
		0E0019D91A0E948F0086CD77 /* sliderMaxTrack@2x.png */ = {isa = PBXFileReference; lastKnownFileType = image.png; path = "sliderMaxTrack@2x.png"; sourceTree = "<group>"; };
		0E0019DA1A0E948F0086CD77 /* sliderMinTrack.png */ = {isa = PBXFileReference; lastKnownFileType = image.png; path = sliderMinTrack.png; sourceTree = "<group>"; };
		0E0019DB1A0E948F0086CD77 /* sliderMinTrack@2x.png */ = {isa = PBXFileReference; lastKnownFileType = image.png; path = "sliderMinTrack@2x.png"; sourceTree = "<group>"; };
		0E17BECE19FC8BAE0042C4DD /* Hooli.app */ = {isa = PBXFileReference; explicitFileType = wrapper.application; includeInIndex = 0; path = Hooli.app; sourceTree = BUILT_PRODUCTS_DIR; };
		0E17BED219FC8BAE0042C4DD /* Info.plist */ = {isa = PBXFileReference; lastKnownFileType = text.plist.xml; path = Info.plist; sourceTree = "<group>"; };
		0E17BED319FC8BAE0042C4DD /* main.m */ = {isa = PBXFileReference; lastKnownFileType = sourcecode.c.objc; path = main.m; sourceTree = "<group>"; };
		0E17BED519FC8BAE0042C4DD /* AppDelegate.h */ = {isa = PBXFileReference; lastKnownFileType = sourcecode.c.h; path = AppDelegate.h; sourceTree = "<group>"; };
		0E17BED619FC8BAE0042C4DD /* AppDelegate.m */ = {isa = PBXFileReference; lastKnownFileType = sourcecode.c.objc; path = AppDelegate.m; sourceTree = "<group>"; };
		0E17BEDC19FC8BAE0042C4DD /* Base */ = {isa = PBXFileReference; lastKnownFileType = file.storyboard; name = Base; path = Base.lproj/Main.storyboard; sourceTree = "<group>"; };
		0E17BEDE19FC8BAE0042C4DD /* Images.xcassets */ = {isa = PBXFileReference; lastKnownFileType = folder.assetcatalog; path = Images.xcassets; sourceTree = "<group>"; };
		0E17BEE119FC8BAE0042C4DD /* Base */ = {isa = PBXFileReference; lastKnownFileType = file.xib; name = Base; path = Base.lproj/LaunchScreen.xib; sourceTree = "<group>"; };
		0E17BEE719FC8BAE0042C4DD /* HooliTests.xctest */ = {isa = PBXFileReference; explicitFileType = wrapper.cfbundle; includeInIndex = 0; path = HooliTests.xctest; sourceTree = BUILT_PRODUCTS_DIR; };
		0E17BEEC19FC8BAE0042C4DD /* Info.plist */ = {isa = PBXFileReference; lastKnownFileType = text.plist.xml; path = Info.plist; sourceTree = "<group>"; };
		0E17BEED19FC8BAE0042C4DD /* HooliTests.m */ = {isa = PBXFileReference; lastKnownFileType = sourcecode.c.objc; path = HooliTests.m; sourceTree = "<group>"; };
		0E17BEFA19FC927A0042C4DD /* ItemDetailViewController.h */ = {isa = PBXFileReference; fileEncoding = 4; lastKnownFileType = sourcecode.c.h; path = ItemDetailViewController.h; sourceTree = "<group>"; };
		0E17BEFB19FC927A0042C4DD /* ItemDetailViewController.m */ = {isa = PBXFileReference; fileEncoding = 4; lastKnownFileType = sourcecode.c.objc; path = ItemDetailViewController.m; sourceTree = "<group>"; };
		0E17BF0619FC94410042C4DD /* HLTheme.h */ = {isa = PBXFileReference; fileEncoding = 4; lastKnownFileType = sourcecode.c.h; path = HLTheme.h; sourceTree = "<group>"; };
		0E17BF0719FC94410042C4DD /* HLTheme.m */ = {isa = PBXFileReference; fileEncoding = 4; lastKnownFileType = sourcecode.c.objc; path = HLTheme.m; sourceTree = "<group>"; };
		0E17BF0919FC94B70042C4DD /* UIKit.framework */ = {isa = PBXFileReference; lastKnownFileType = wrapper.framework; name = UIKit.framework; path = System/Library/Frameworks/UIKit.framework; sourceTree = SDKROOT; };
		0E17BF0B19FC94BF0042C4DD /* Foundation.framework */ = {isa = PBXFileReference; lastKnownFileType = wrapper.framework; name = Foundation.framework; path = System/Library/Frameworks/Foundation.framework; sourceTree = SDKROOT; };
		0E17BF2619FC99800042C4DD /* DataSource.h */ = {isa = PBXFileReference; fileEncoding = 4; lastKnownFileType = sourcecode.c.h; path = DataSource.h; sourceTree = "<group>"; };
		0E17BF2719FC99800042C4DD /* DataSource.m */ = {isa = PBXFileReference; fileEncoding = 4; lastKnownFileType = sourcecode.c.objc; path = DataSource.m; sourceTree = "<group>"; };
		0E17BF3D19FCA7FF0042C4DD /* HomeViewViewController.h */ = {isa = PBXFileReference; fileEncoding = 4; lastKnownFileType = sourcecode.c.h; path = HomeViewViewController.h; sourceTree = "<group>"; };
		0E17BF3E19FCA7FF0042C4DD /* HomeViewViewController.m */ = {isa = PBXFileReference; fileEncoding = 4; lastKnownFileType = sourcecode.c.objc; path = HomeViewViewController.m; sourceTree = "<group>"; };
		0E17BF4C19FDCF0C0042C4DD /* MyCartViewController.h */ = {isa = PBXFileReference; fileEncoding = 4; lastKnownFileType = sourcecode.c.h; path = MyCartViewController.h; sourceTree = "<group>"; };
		0E17BF4D19FDCF0C0042C4DD /* MyCartViewController.m */ = {isa = PBXFileReference; fileEncoding = 4; lastKnownFileType = sourcecode.c.objc; path = MyCartViewController.m; sourceTree = "<group>"; };
		0E17BF4F19FDD1250042C4DD /* MyCameraViewController.h */ = {isa = PBXFileReference; fileEncoding = 4; lastKnownFileType = sourcecode.c.h; path = MyCameraViewController.h; sourceTree = "<group>"; };
		0E17BF5019FDD1250042C4DD /* MyCameraViewController.m */ = {isa = PBXFileReference; fileEncoding = 4; lastKnownFileType = sourcecode.c.objc; path = MyCameraViewController.m; sourceTree = "<group>"; };
		0E17BF5219FDD1430042C4DD /* MyProfileViewController.h */ = {isa = PBXFileReference; fileEncoding = 4; lastKnownFileType = sourcecode.c.h; path = MyProfileViewController.h; sourceTree = "<group>"; };
		0E17BF5319FDD1430042C4DD /* MyProfileViewController.m */ = {isa = PBXFileReference; fileEncoding = 4; lastKnownFileType = sourcecode.c.objc; path = MyProfileViewController.m; sourceTree = "<group>"; };
		0E17BF5519FDD1B20042C4DD /* MapViewController.h */ = {isa = PBXFileReference; fileEncoding = 4; lastKnownFileType = sourcecode.c.h; path = MapViewController.h; sourceTree = "<group>"; };
		0E17BF5619FDD1B20042C4DD /* MapViewController.m */ = {isa = PBXFileReference; fileEncoding = 4; lastKnownFileType = sourcecode.c.objc; path = MapViewController.m; sourceTree = "<group>"; };
		0E17BF5819FDE7300042C4DD /* AVFoundation.framework */ = {isa = PBXFileReference; lastKnownFileType = wrapper.framework; name = AVFoundation.framework; path = System/Library/Frameworks/AVFoundation.framework; sourceTree = SDKROOT; };
		0E17BF5A19FDE7350042C4DD /* MapKit.framework */ = {isa = PBXFileReference; lastKnownFileType = wrapper.framework; name = MapKit.framework; path = System/Library/Frameworks/MapKit.framework; sourceTree = SDKROOT; };
		0E17BF5C19FDE73A0042C4DD /* CoreLocation.framework */ = {isa = PBXFileReference; lastKnownFileType = wrapper.framework; name = CoreLocation.framework; path = System/Library/Frameworks/CoreLocation.framework; sourceTree = SDKROOT; };
		0E17BF5E19FDE9230042C4DD /* MBProgressHUD.h */ = {isa = PBXFileReference; fileEncoding = 4; lastKnownFileType = sourcecode.c.h; path = MBProgressHUD.h; sourceTree = "<group>"; };
		0E17BF5F19FDE9230042C4DD /* MBProgressHUD.m */ = {isa = PBXFileReference; fileEncoding = 4; lastKnownFileType = sourcecode.c.objc; path = MBProgressHUD.m; sourceTree = "<group>"; };
		0E17BF6219FDFA7F0042C4DD /* LoginViewController.h */ = {isa = PBXFileReference; fileEncoding = 4; lastKnownFileType = sourcecode.c.h; path = LoginViewController.h; sourceTree = "<group>"; };
		0E17BF6319FDFA7F0042C4DD /* LoginViewController.m */ = {isa = PBXFileReference; fileEncoding = 4; lastKnownFileType = sourcecode.c.objc; path = LoginViewController.m; sourceTree = "<group>"; };
		0E17BF6619FDFB5F0042C4DD /* AudioToolbox.framework */ = {isa = PBXFileReference; lastKnownFileType = wrapper.framework; name = AudioToolbox.framework; path = System/Library/Frameworks/AudioToolbox.framework; sourceTree = SDKROOT; };
		0E17BF6819FDFB640042C4DD /* CFNetwork.framework */ = {isa = PBXFileReference; lastKnownFileType = wrapper.framework; name = CFNetwork.framework; path = System/Library/Frameworks/CFNetwork.framework; sourceTree = SDKROOT; };
		0E17BF6A19FDFB6F0042C4DD /* CoreGraphics.framework */ = {isa = PBXFileReference; lastKnownFileType = wrapper.framework; name = CoreGraphics.framework; path = System/Library/Frameworks/CoreGraphics.framework; sourceTree = SDKROOT; };
		0E17BF6C19FDFB7C0042C4DD /* libz.dylib */ = {isa = PBXFileReference; lastKnownFileType = "compiled.mach-o.dylib"; name = libz.dylib; path = usr/lib/libz.dylib; sourceTree = SDKROOT; };
		0E17BF6E19FDFB820042C4DD /* MobileCoreServices.framework */ = {isa = PBXFileReference; lastKnownFileType = wrapper.framework; name = MobileCoreServices.framework; path = System/Library/Frameworks/MobileCoreServices.framework; sourceTree = SDKROOT; };
		0E17BF7019FDFB8A0042C4DD /* QuartzCore.framework */ = {isa = PBXFileReference; lastKnownFileType = wrapper.framework; name = QuartzCore.framework; path = System/Library/Frameworks/QuartzCore.framework; sourceTree = SDKROOT; };
		0E17BF7219FDFB8E0042C4DD /* Security.framework */ = {isa = PBXFileReference; lastKnownFileType = wrapper.framework; name = Security.framework; path = System/Library/Frameworks/Security.framework; sourceTree = SDKROOT; };
		0E17BF7419FDFB950042C4DD /* StoreKit.framework */ = {isa = PBXFileReference; lastKnownFileType = wrapper.framework; name = StoreKit.framework; path = System/Library/Frameworks/StoreKit.framework; sourceTree = SDKROOT; };
		0E17BF7619FDFB9F0042C4DD /* SystemConfiguration.framework */ = {isa = PBXFileReference; lastKnownFileType = wrapper.framework; name = SystemConfiguration.framework; path = System/Library/Frameworks/SystemConfiguration.framework; sourceTree = SDKROOT; };
		0E17BF7819FDFEE30042C4DD /* FacebookSDK.framework */ = {isa = PBXFileReference; lastKnownFileType = wrapper.framework; path = FacebookSDK.framework; sourceTree = "<group>"; };
		0E17BF7A19FDFFEF0042C4DD /* Parse.framework */ = {isa = PBXFileReference; lastKnownFileType = wrapper.framework; path = Parse.framework; sourceTree = "<group>"; };
		0E17BF7B19FDFFEF0042C4DD /* ParseFacebookUtils.framework */ = {isa = PBXFileReference; lastKnownFileType = wrapper.framework; path = ParseFacebookUtils.framework; sourceTree = "<group>"; };
		0E17BF7F19FE04800042C4DD /* collections1.png */ = {isa = PBXFileReference; lastKnownFileType = image.png; path = collections1.png; sourceTree = "<group>"; };
		0E17BF8019FE04800042C4DD /* collections2.png */ = {isa = PBXFileReference; lastKnownFileType = image.png; path = collections2.png; sourceTree = "<group>"; };
		0E17BF8119FE04800042C4DD /* collections3.png */ = {isa = PBXFileReference; lastKnownFileType = image.png; path = collections3.png; sourceTree = "<group>"; };
		0E17BF8219FE04800042C4DD /* collections4.png */ = {isa = PBXFileReference; lastKnownFileType = image.png; path = collections4.png; sourceTree = "<group>"; };
		0E17BF8319FE04800042C4DD /* collections5.png */ = {isa = PBXFileReference; lastKnownFileType = image.png; path = collections5.png; sourceTree = "<group>"; };
		0E17BF8419FE04800042C4DD /* collections6.png */ = {isa = PBXFileReference; lastKnownFileType = image.png; path = collections6.png; sourceTree = "<group>"; };
		0E17BF8519FE04800042C4DD /* pink-eye.png */ = {isa = PBXFileReference; lastKnownFileType = image.png; path = "pink-eye.png"; sourceTree = "<group>"; };
		0E17BF8619FE04800042C4DD /* pink-eye@2x.png */ = {isa = PBXFileReference; lastKnownFileType = image.png; path = "pink-eye@2x.png"; sourceTree = "<group>"; };
		0E17BF8719FE04800042C4DD /* pink-heart.png */ = {isa = PBXFileReference; lastKnownFileType = image.png; path = "pink-heart.png"; sourceTree = "<group>"; };
		0E17BF8819FE04800042C4DD /* pink-heart@2x.png */ = {isa = PBXFileReference; lastKnownFileType = image.png; path = "pink-heart@2x.png"; sourceTree = "<group>"; };
		0E17BF8919FE04800042C4DD /* tab1.png */ = {isa = PBXFileReference; lastKnownFileType = image.png; path = tab1.png; sourceTree = "<group>"; };
		0E17BF8A19FE04800042C4DD /* tab2.png */ = {isa = PBXFileReference; lastKnownFileType = image.png; path = tab2.png; sourceTree = "<group>"; };
		0E17BF8B19FE04800042C4DD /* tab3.png */ = {isa = PBXFileReference; lastKnownFileType = image.png; path = tab3.png; sourceTree = "<group>"; };
		0E17BF8C19FE04800042C4DD /* tab4.png */ = {isa = PBXFileReference; lastKnownFileType = image.png; path = tab4.png; sourceTree = "<group>"; };
		0E17BF8D19FE04800042C4DD /* tab5.png */ = {isa = PBXFileReference; lastKnownFileType = image.png; path = tab5.png; sourceTree = "<group>"; };
		0E2A12521A052AF90036F8EB /* OffersManager.h */ = {isa = PBXFileReference; fileEncoding = 4; lastKnownFileType = sourcecode.c.h; path = OffersManager.h; sourceTree = "<group>"; };
		0E2A12531A052AF90036F8EB /* OffersManager.m */ = {isa = PBXFileReference; fileEncoding = 4; lastKnownFileType = sourcecode.c.objc; path = OffersManager.m; sourceTree = "<group>"; };
		0E2A12551A052B340036F8EB /* OfferModel.h */ = {isa = PBXFileReference; fileEncoding = 4; lastKnownFileType = sourcecode.c.h; path = OfferModel.h; sourceTree = "<group>"; };
		0E2A12561A052B340036F8EB /* OfferModel.m */ = {isa = PBXFileReference; fileEncoding = 4; lastKnownFileType = sourcecode.c.objc; path = OfferModel.m; sourceTree = "<group>"; };
		0E2A125B1A05996D0036F8EB /* OfferCategory.h */ = {isa = PBXFileReference; fileEncoding = 4; lastKnownFileType = sourcecode.c.h; path = OfferCategory.h; sourceTree = "<group>"; };
		0E2A125C1A05996D0036F8EB /* OfferCategory.m */ = {isa = PBXFileReference; fileEncoding = 4; lastKnownFileType = sourcecode.c.objc; path = OfferCategory.m; sourceTree = "<group>"; };
		0E2A125E1A0599CD0036F8EB /* HLConstant.h */ = {isa = PBXFileReference; fileEncoding = 4; lastKnownFileType = sourcecode.c.h; path = HLConstant.h; sourceTree = "<group>"; };
		0E2A125F1A0599CD0036F8EB /* HLConstant.m */ = {isa = PBXFileReference; fileEncoding = 4; lastKnownFileType = sourcecode.c.objc; path = HLConstant.m; sourceTree = "<group>"; };
		0E2A12611A05A3DE0036F8EB /* shadow.png */ = {isa = PBXFileReference; lastKnownFileType = image.png; name = shadow.png; path = ../shadow.png; sourceTree = "<group>"; };
		0E2A12631A060A620036F8EB /* ImageManager.h */ = {isa = PBXFileReference; fileEncoding = 4; lastKnownFileType = sourcecode.c.h; path = ImageManager.h; sourceTree = "<group>"; };
		0E2A12641A060A620036F8EB /* ImageManager.m */ = {isa = PBXFileReference; fileEncoding = 4; lastKnownFileType = sourcecode.c.objc; path = ImageManager.m; sourceTree = "<group>"; };
		0ECAC35919FF1BCC002866DE /* button-pressed.png */ = {isa = PBXFileReference; lastKnownFileType = image.png; path = "button-pressed.png"; sourceTree = "<group>"; };
		0ECAC35A19FF1BCC002866DE /* button.png */ = {isa = PBXFileReference; lastKnownFileType = image.png; path = button.png; sourceTree = "<group>"; };
		0ECAC35B19FF1BCC002866DE /* button-pressed@2x.png */ = {isa = PBXFileReference; lastKnownFileType = image.png; path = "button-pressed@2x.png"; sourceTree = "<group>"; };
		0ECAC35C19FF1BCC002866DE /* button@2x.png */ = {isa = PBXFileReference; lastKnownFileType = image.png; path = "button@2x.png"; sourceTree = "<group>"; };
		0ECAC36119FF22C6002866DE /* LocationManager.h */ = {isa = PBXFileReference; fileEncoding = 4; lastKnownFileType = sourcecode.c.h; path = LocationManager.h; sourceTree = "<group>"; };
		0ECAC36219FF22C6002866DE /* LocationManager.m */ = {isa = PBXFileReference; fileEncoding = 4; lastKnownFileType = sourcecode.c.objc; path = LocationManager.m; sourceTree = "<group>"; };
		0ECAC36519FF2983002866DE /* LICENSE */ = {isa = PBXFileReference; fileEncoding = 4; lastKnownFileType = text; path = LICENSE; sourceTree = "<group>"; };
		0ECAC36619FF2983002866DE /* readme.md */ = {isa = PBXFileReference; fileEncoding = 4; lastKnownFileType = net.daringfireball.markdown; path = readme.md; sourceTree = "<group>"; };
		0ECAC36719FF2983002866DE /* SMPageControl.h */ = {isa = PBXFileReference; fileEncoding = 4; lastKnownFileType = sourcecode.c.h; path = SMPageControl.h; sourceTree = "<group>"; };
		0ECAC36819FF2983002866DE /* SMPageControl.m */ = {isa = PBXFileReference; fileEncoding = 4; lastKnownFileType = sourcecode.c.objc; path = SMPageControl.m; sourceTree = "<group>"; };
		0ECAC36C19FF2A65002866DE /* pageControl-dot-selected@2x.png */ = {isa = PBXFileReference; lastKnownFileType = image.png; path = "pageControl-dot-selected@2x.png"; sourceTree = "<group>"; };
		0ECAC36D19FF2A65002866DE /* pageControl-dot@2x.png */ = {isa = PBXFileReference; lastKnownFileType = image.png; path = "pageControl-dot@2x.png"; sourceTree = "<group>"; };
		0ECAC37019FF2B78002866DE /* Details1.png */ = {isa = PBXFileReference; lastKnownFileType = image.png; path = Details1.png; sourceTree = "<group>"; };
		0ECAC37119FF2B78002866DE /* Details2.png */ = {isa = PBXFileReference; lastKnownFileType = image.png; path = Details2.png; sourceTree = "<group>"; };
		0ECAC37219FF2B78002866DE /* Details3.png */ = {isa = PBXFileReference; lastKnownFileType = image.png; path = Details3.png; sourceTree = "<group>"; };
		0ECAC37619FF2BAC002866DE /* AccountManager.h */ = {isa = PBXFileReference; fileEncoding = 4; lastKnownFileType = sourcecode.c.h; path = AccountManager.h; sourceTree = "<group>"; };
		0ECAC37719FF2BAC002866DE /* AccountManager.m */ = {isa = PBXFileReference; fileEncoding = 4; lastKnownFileType = sourcecode.c.objc; path = AccountManager.m; sourceTree = "<group>"; };
		0ECAC38919FF4412002866DE /* ItemCell.h */ = {isa = PBXFileReference; fileEncoding = 4; lastKnownFileType = sourcecode.c.h; path = ItemCell.h; sourceTree = "<group>"; };
		0ECAC38A19FF4412002866DE /* ItemCell.m */ = {isa = PBXFileReference; fileEncoding = 4; lastKnownFileType = sourcecode.c.objc; path = ItemCell.m; sourceTree = "<group>"; };
		0ECAC38B19FF4412002866DE /* ItemCell.xib */ = {isa = PBXFileReference; fileEncoding = 4; lastKnownFileType = file.xib; path = ItemCell.xib; sourceTree = "<group>"; };
		0ECAC38E19FF502B002866DE /* MainCollectionViewFlowLayout.h */ = {isa = PBXFileReference; fileEncoding = 4; lastKnownFileType = sourcecode.c.h; path = MainCollectionViewFlowLayout.h; sourceTree = "<group>"; };
		0ECAC38F19FF502B002866DE /* MainCollectionViewFlowLayout.m */ = {isa = PBXFileReference; fileEncoding = 4; lastKnownFileType = sourcecode.c.objc; path = MainCollectionViewFlowLayout.m; sourceTree = "<group>"; };
		0ECAC39119FF5880002866DE /* MainCollectionView.h */ = {isa = PBXFileReference; fileEncoding = 4; lastKnownFileType = sourcecode.c.h; path = MainCollectionView.h; sourceTree = "<group>"; };
		0ECAC39219FF5880002866DE /* MainCollectionView.m */ = {isa = PBXFileReference; fileEncoding = 4; lastKnownFileType = sourcecode.c.objc; path = MainCollectionView.m; sourceTree = "<group>"; };
		0ECAC39419FF59FA002866DE /* SearchResultViewController.h */ = {isa = PBXFileReference; fileEncoding = 4; lastKnownFileType = sourcecode.c.h; path = SearchResultViewController.h; sourceTree = "<group>"; };
		0ECAC39519FF59FA002866DE /* SearchResultViewController.m */ = {isa = PBXFileReference; fileEncoding = 4; lastKnownFileType = sourcecode.c.objc; path = SearchResultViewController.m; sourceTree = "<group>"; };
		0ECAC39B1A01B820002866DE /* Detail.storyboard */ = {isa = PBXFileReference; fileEncoding = 4; lastKnownFileType = file.storyboard; path = Detail.storyboard; sourceTree = "<group>"; };
		0ECAC3A11A01C227002866DE /* MessageUI.framework */ = {isa = PBXFileReference; lastKnownFileType = wrapper.framework; name = MessageUI.framework; path = System/Library/Frameworks/MessageUI.framework; sourceTree = SDKROOT; };
		0ECAC3A71A01C51D002866DE /* SearchItemViewController.h */ = {isa = PBXFileReference; fileEncoding = 4; lastKnownFileType = sourcecode.c.h; path = SearchItemViewController.h; sourceTree = "<group>"; };
		0ECAC3A81A01C51D002866DE /* SearchItemViewController.m */ = {isa = PBXFileReference; fileEncoding = 4; lastKnownFileType = sourcecode.c.objc; path = SearchItemViewController.m; sourceTree = "<group>"; };
		0ECAC3B01A01CA2F002866DE /* CategoryCell.h */ = {isa = PBXFileReference; fileEncoding = 4; lastKnownFileType = sourcecode.c.h; path = CategoryCell.h; sourceTree = "<group>"; };
		0ECAC3B11A01CA2F002866DE /* CategoryCell.m */ = {isa = PBXFileReference; fileEncoding = 4; lastKnownFileType = sourcecode.c.objc; path = CategoryCell.m; sourceTree = "<group>"; };
		0ECAC3B21A01CA2F002866DE /* CategoryCell.xib */ = {isa = PBXFileReference; fileEncoding = 4; lastKnownFileType = file.xib; path = CategoryCell.xib; sourceTree = "<group>"; };
		0ECAC3B71A01D4AA002866DE /* CameraOverlayViewController.h */ = {isa = PBXFileReference; fileEncoding = 4; lastKnownFileType = sourcecode.c.h; path = CameraOverlayViewController.h; sourceTree = "<group>"; };
		0ECAC3B81A01D4AA002866DE /* CameraOverlayViewController.m */ = {isa = PBXFileReference; fileEncoding = 4; lastKnownFileType = sourcecode.c.objc; path = CameraOverlayViewController.m; sourceTree = "<group>"; };
		0ECAC3B91A01D4AA002866DE /* CameraOverlayViewController.xib */ = {isa = PBXFileReference; fileEncoding = 4; lastKnownFileType = file.xib; path = CameraOverlayViewController.xib; sourceTree = "<group>"; };
		0ECAC3BC1A01FA6B002866DE /* HomeTabBarController.h */ = {isa = PBXFileReference; fileEncoding = 4; lastKnownFileType = sourcecode.c.h; path = HomeTabBarController.h; sourceTree = "<group>"; };
		0ECAC3BD1A01FA6B002866DE /* HomeTabBarController.m */ = {isa = PBXFileReference; fileEncoding = 4; lastKnownFileType = sourcecode.c.objc; path = HomeTabBarController.m; sourceTree = "<group>"; };
/* End PBXFileReference section */

/* Begin PBXFrameworksBuildPhase section */
		0E17BECB19FC8BAE0042C4DD /* Frameworks */ = {
			isa = PBXFrameworksBuildPhase;
			buildActionMask = 2147483647;
			files = (
				0ECAC3A21A01C227002866DE /* MessageUI.framework in Frameworks */,
				0E17BF7719FDFB9F0042C4DD /* SystemConfiguration.framework in Frameworks */,
				0E17BF7519FDFB950042C4DD /* StoreKit.framework in Frameworks */,
				0E17BF7319FDFB8E0042C4DD /* Security.framework in Frameworks */,
				0E17BF7119FDFB8A0042C4DD /* QuartzCore.framework in Frameworks */,
				0E17BF6F19FDFB820042C4DD /* MobileCoreServices.framework in Frameworks */,
				0E17BF7D19FDFFEF0042C4DD /* ParseFacebookUtils.framework in Frameworks */,
				0E17BF6D19FDFB7C0042C4DD /* libz.dylib in Frameworks */,
				0E17BF7C19FDFFEF0042C4DD /* Parse.framework in Frameworks */,
				0E17BF6B19FDFB6F0042C4DD /* CoreGraphics.framework in Frameworks */,
				0E17BF6919FDFB640042C4DD /* CFNetwork.framework in Frameworks */,
				0E17BF6719FDFB5F0042C4DD /* AudioToolbox.framework in Frameworks */,
				0E17BF5D19FDE73A0042C4DD /* CoreLocation.framework in Frameworks */,
				0E17BF5B19FDE7350042C4DD /* MapKit.framework in Frameworks */,
				0E17BF7919FDFEE30042C4DD /* FacebookSDK.framework in Frameworks */,
				0E17BF5919FDE7300042C4DD /* AVFoundation.framework in Frameworks */,
				0E17BF0C19FC94BF0042C4DD /* Foundation.framework in Frameworks */,
				0E17BF0A19FC94B70042C4DD /* UIKit.framework in Frameworks */,
			);
			runOnlyForDeploymentPostprocessing = 0;
		};
		0E17BEE419FC8BAE0042C4DD /* Frameworks */ = {
			isa = PBXFrameworksBuildPhase;
			buildActionMask = 2147483647;
			files = (
			);
			runOnlyForDeploymentPostprocessing = 0;
		};
/* End PBXFrameworksBuildPhase section */

/* Begin PBXGroup section */
		0E0019C91A0B36780086CD77 /* Offer */ = {
			isa = PBXGroup;
			children = (
				0E2A12521A052AF90036F8EB /* OffersManager.h */,
				0E2A12531A052AF90036F8EB /* OffersManager.m */,
				0E2A12631A060A620036F8EB /* ImageManager.h */,
				0E2A12641A060A620036F8EB /* ImageManager.m */,
				0E2A12551A052B340036F8EB /* OfferModel.h */,
				0E2A12561A052B340036F8EB /* OfferModel.m */,
				0E2A125B1A05996D0036F8EB /* OfferCategory.h */,
				0E2A125C1A05996D0036F8EB /* OfferCategory.m */,
			);
			name = Offer;
			sourceTree = "<group>";
		};
		0E0019CA1A0B36820086CD77 /* Account */ = {
			isa = PBXGroup;
			children = (
				0ECAC37619FF2BAC002866DE /* AccountManager.h */,
				0ECAC37719FF2BAC002866DE /* AccountManager.m */,
			);
			name = Account;
			sourceTree = "<group>";
		};
		0E0019CB1A0B36890086CD77 /* Location */ = {
			isa = PBXGroup;
			children = (
				0ECAC36119FF22C6002866DE /* LocationManager.h */,
				0ECAC36219FF22C6002866DE /* LocationManager.m */,
			);
			name = Location;
			sourceTree = "<group>";
		};
		0E0019CC1A0B36920086CD77 /* UI */ = {
			isa = PBXGroup;
			children = (
				0E17BF0619FC94410042C4DD /* HLTheme.h */,
				0E17BF0719FC94410042C4DD /* HLTheme.m */,
			);
			name = UI;
			sourceTree = "<group>";
		};
		0E0019CD1A0B36B00086CD77 /* Utilities */ = {
			isa = PBXGroup;
			children = (
				0E2A125E1A0599CD0036F8EB /* HLConstant.h */,
				0E2A125F1A0599CD0036F8EB /* HLConstant.m */,
				0E0019C61A09E5A00086CD77 /* HLSettings.h */,
				0E0019C71A09E5A00086CD77 /* HLSettings.m */,
				0E17BF2619FC99800042C4DD /* DataSource.h */,
				0E17BF2719FC99800042C4DD /* DataSource.m */,
				0ECAC36419FF2983002866DE /* SMPageControl */,
				0E17BF5E19FDE9230042C4DD /* MBProgressHUD.h */,
				0E17BF5F19FDE9230042C4DD /* MBProgressHUD.m */,
			);
			name = Utilities;
			sourceTree = "<group>";
		};
		0E17BEC519FC8BAE0042C4DD = {
			isa = PBXGroup;
			children = (
				0ECAC3A11A01C227002866DE /* MessageUI.framework */,
				0E17BED019FC8BAE0042C4DD /* Hooli */,
				0E17BEEA19FC8BAE0042C4DD /* HooliTests */,
				0E17BECF19FC8BAE0042C4DD /* Products */,
				0E17BF7A19FDFFEF0042C4DD /* Parse.framework */,
				0E17BF7B19FDFFEF0042C4DD /* ParseFacebookUtils.framework */,
				0E17BF7619FDFB9F0042C4DD /* SystemConfiguration.framework */,
				0E17BF7419FDFB950042C4DD /* StoreKit.framework */,
				0E17BF7219FDFB8E0042C4DD /* Security.framework */,
				0E17BF7019FDFB8A0042C4DD /* QuartzCore.framework */,
				0E17BF6E19FDFB820042C4DD /* MobileCoreServices.framework */,
				0E17BF6C19FDFB7C0042C4DD /* libz.dylib */,
				0E17BF6A19FDFB6F0042C4DD /* CoreGraphics.framework */,
				0E17BF6819FDFB640042C4DD /* CFNetwork.framework */,
				0E17BF6619FDFB5F0042C4DD /* AudioToolbox.framework */,
				0E17BF5C19FDE73A0042C4DD /* CoreLocation.framework */,
				0E17BF5A19FDE7350042C4DD /* MapKit.framework */,
				0E17BF7819FDFEE30042C4DD /* FacebookSDK.framework */,
				0E17BF5819FDE7300042C4DD /* AVFoundation.framework */,
				0E17BF0B19FC94BF0042C4DD /* Foundation.framework */,
				0E17BF0919FC94B70042C4DD /* UIKit.framework */,
			);
			sourceTree = "<group>";
		};
		0E17BECF19FC8BAE0042C4DD /* Products */ = {
			isa = PBXGroup;
			children = (
				0E17BECE19FC8BAE0042C4DD /* Hooli.app */,
				0E17BEE719FC8BAE0042C4DD /* HooliTests.xctest */,
			);
			name = Products;
			sourceTree = "<group>";
		};
		0E17BED019FC8BAE0042C4DD /* Hooli */ = {
			isa = PBXGroup;
			children = (
				0E17BED519FC8BAE0042C4DD /* AppDelegate.h */,
				0E17BED619FC8BAE0042C4DD /* AppDelegate.m */,
				0E17BF4419FDCD840042C4DD /* Model */,
				0E17BF4619FDCD960042C4DD /* Views */,
				0E17BF4319FDCD6D0042C4DD /* Controller */,
				0E17BF7E19FE04800042C4DD /* images */,
				0E17BEDE19FC8BAE0042C4DD /* Images.xcassets */,
				0E17BEE019FC8BAE0042C4DD /* LaunchScreen.xib */,
				0E17BED119FC8BAE0042C4DD /* Supporting Files */,
			);
			path = Hooli;
			sourceTree = "<group>";
		};
		0E17BED119FC8BAE0042C4DD /* Supporting Files */ = {
			isa = PBXGroup;
			children = (
				0E17BED219FC8BAE0042C4DD /* Info.plist */,
				0E17BED319FC8BAE0042C4DD /* main.m */,
			);
			name = "Supporting Files";
			sourceTree = "<group>";
		};
		0E17BEEA19FC8BAE0042C4DD /* HooliTests */ = {
			isa = PBXGroup;
			children = (
				0E17BEED19FC8BAE0042C4DD /* HooliTests.m */,
				0E17BEEB19FC8BAE0042C4DD /* Supporting Files */,
			);
			path = HooliTests;
			sourceTree = "<group>";
		};
		0E17BEEB19FC8BAE0042C4DD /* Supporting Files */ = {
			isa = PBXGroup;
			children = (
				0E17BEEC19FC8BAE0042C4DD /* Info.plist */,
			);
			name = "Supporting Files";
			sourceTree = "<group>";
		};
		0E17BF4319FDCD6D0042C4DD /* Controller */ = {
			isa = PBXGroup;
			children = (
				0ECAC3A61A01C4BC002866DE /* Search */,
				0ECAC39D1A01B9F8002866DE /* Detail */,
				0E17BF4A19FDCDF70042C4DD /* Home */,
				0E17BF4719FDCDD50042C4DD /* Map */,
				0E17BF4B19FDCE000042C4DD /* Cart */,
				0E17BF4919FDCDE50042C4DD /* Camera */,
				0E17BF4819FDCDDB0042C4DD /* User */,
				0E17BF6519FDFA850042C4DD /* Login */,
			);
			name = Controller;
			sourceTree = "<group>";
		};
		0E17BF4419FDCD840042C4DD /* Model */ = {
			isa = PBXGroup;
			children = (
				0E0019CC1A0B36920086CD77 /* UI */,
				0E0019CB1A0B36890086CD77 /* Location */,
				0E0019CA1A0B36820086CD77 /* Account */,
				0E0019C91A0B36780086CD77 /* Offer */,
				0E0019CD1A0B36B00086CD77 /* Utilities */,
			);
			name = Model;
			sourceTree = "<group>";
		};
		0E17BF4619FDCD960042C4DD /* Views */ = {
			isa = PBXGroup;
			children = (
				0E17BEDB19FC8BAE0042C4DD /* Main.storyboard */,
				0ECAC3BC1A01FA6B002866DE /* HomeTabBarController.h */,
				0ECAC3BD1A01FA6B002866DE /* HomeTabBarController.m */,
				0E0019D51A0E91CD0086CD77 /* OfferFilterViewController.h */,
				0E0019D61A0E91CD0086CD77 /* OfferFilterViewController.m */,
				0ECAC38E19FF502B002866DE /* MainCollectionViewFlowLayout.h */,
				0ECAC38F19FF502B002866DE /* MainCollectionViewFlowLayout.m */,
				0ECAC39119FF5880002866DE /* MainCollectionView.h */,
				0ECAC39219FF5880002866DE /* MainCollectionView.m */,
				0E0019D21A0C95B20086CD77 /* MyCartCollectionView.h */,
				0E0019D31A0C95B20086CD77 /* MyCartCollectionView.m */,
				0ECAC38919FF4412002866DE /* ItemCell.h */,
				0ECAC38A19FF4412002866DE /* ItemCell.m */,
				0ECAC38B19FF4412002866DE /* ItemCell.xib */,
			);
			name = Views;
			sourceTree = "<group>";
		};
		0E17BF4719FDCDD50042C4DD /* Map */ = {
			isa = PBXGroup;
			children = (
				0E17BF5519FDD1B20042C4DD /* MapViewController.h */,
				0E17BF5619FDD1B20042C4DD /* MapViewController.m */,
			);
			name = Map;
			sourceTree = "<group>";
		};
		0E17BF4819FDCDDB0042C4DD /* User */ = {
			isa = PBXGroup;
			children = (
				0E17BF5219FDD1430042C4DD /* MyProfileViewController.h */,
				0E17BF5319FDD1430042C4DD /* MyProfileViewController.m */,
			);
			name = User;
			sourceTree = "<group>";
		};
		0E17BF4919FDCDE50042C4DD /* Camera */ = {
			isa = PBXGroup;
			children = (
				0E17BF4F19FDD1250042C4DD /* MyCameraViewController.h */,
				0E17BF5019FDD1250042C4DD /* MyCameraViewController.m */,
				0ECAC3B71A01D4AA002866DE /* CameraOverlayViewController.h */,
				0ECAC3B81A01D4AA002866DE /* CameraOverlayViewController.m */,
				0E0019C31A09E34B0086CD77 /* SelectCategoryTableViewController.h */,
				0E0019C41A09E34B0086CD77 /* SelectCategoryTableViewController.m */,
				0ECAC3B91A01D4AA002866DE /* CameraOverlayViewController.xib */,
			);
			name = Camera;
			sourceTree = "<group>";
		};
		0E17BF4A19FDCDF70042C4DD /* Home */ = {
			isa = PBXGroup;
			children = (
				0E17BF3D19FCA7FF0042C4DD /* HomeViewViewController.h */,
				0E17BF3E19FCA7FF0042C4DD /* HomeViewViewController.m */,
			);
			name = Home;
			sourceTree = "<group>";
		};
		0E17BF4B19FDCE000042C4DD /* Cart */ = {
			isa = PBXGroup;
			children = (
				0E17BF4C19FDCF0C0042C4DD /* MyCartViewController.h */,
				0E17BF4D19FDCF0C0042C4DD /* MyCartViewController.m */,
			);
			name = Cart;
			sourceTree = "<group>";
		};
		0E17BF6519FDFA850042C4DD /* Login */ = {
			isa = PBXGroup;
			children = (
				0E17BF6219FDFA7F0042C4DD /* LoginViewController.h */,
				0E17BF6319FDFA7F0042C4DD /* LoginViewController.m */,
			);
			name = Login;
			sourceTree = "<group>";
		};
		0E17BF7E19FE04800042C4DD /* images */ = {
			isa = PBXGroup;
			children = (
				0E0019D01A0B3F660086CD77 /* Ariel1.png */,
				0E0019CE1A0B3DF30086CD77 /* image.png */,
				0E2A12611A05A3DE0036F8EB /* shadow.png */,
				0E0019D81A0E948F0086CD77 /* sliderMaxTrack.png */,
				0E0019D91A0E948F0086CD77 /* sliderMaxTrack@2x.png */,
				0E0019DA1A0E948F0086CD77 /* sliderMinTrack.png */,
				0E0019DB1A0E948F0086CD77 /* sliderMinTrack@2x.png */,
				0ECAC36C19FF2A65002866DE /* pageControl-dot-selected@2x.png */,
				0ECAC36D19FF2A65002866DE /* pageControl-dot@2x.png */,
				0ECAC35919FF1BCC002866DE /* button-pressed.png */,
				0ECAC35A19FF1BCC002866DE /* button.png */,
				0ECAC35B19FF1BCC002866DE /* button-pressed@2x.png */,
				0ECAC35C19FF1BCC002866DE /* button@2x.png */,
				0E17BF7F19FE04800042C4DD /* collections1.png */,
				0E17BF8019FE04800042C4DD /* collections2.png */,
				0E17BF8119FE04800042C4DD /* collections3.png */,
				0E17BF8219FE04800042C4DD /* collections4.png */,
				0E17BF8319FE04800042C4DD /* collections5.png */,
				0E17BF8419FE04800042C4DD /* collections6.png */,
				0E17BF8519FE04800042C4DD /* pink-eye.png */,
				0E17BF8619FE04800042C4DD /* pink-eye@2x.png */,
				0E17BF8719FE04800042C4DD /* pink-heart.png */,
				0E17BF8819FE04800042C4DD /* pink-heart@2x.png */,
				0E17BF8919FE04800042C4DD /* tab1.png */,
				0E17BF8A19FE04800042C4DD /* tab2.png */,
				0E17BF8B19FE04800042C4DD /* tab3.png */,
				0E17BF8C19FE04800042C4DD /* tab4.png */,
				0E17BF8D19FE04800042C4DD /* tab5.png */,
				0ECAC37019FF2B78002866DE /* Details1.png */,
				0ECAC37119FF2B78002866DE /* Details2.png */,
				0ECAC37219FF2B78002866DE /* Details3.png */,
			);
			path = images;
			sourceTree = "<group>";
		};
		0ECAC36419FF2983002866DE /* SMPageControl */ = {
			isa = PBXGroup;
			children = (
				0ECAC36519FF2983002866DE /* LICENSE */,
				0ECAC36619FF2983002866DE /* readme.md */,
				0ECAC36719FF2983002866DE /* SMPageControl.h */,
				0ECAC36819FF2983002866DE /* SMPageControl.m */,
			);
			path = SMPageControl;
			sourceTree = "<group>";
		};
		0ECAC39D1A01B9F8002866DE /* Detail */ = {
			isa = PBXGroup;
			children = (
				0ECAC39B1A01B820002866DE /* Detail.storyboard */,
				0E17BEFA19FC927A0042C4DD /* ItemDetailViewController.h */,
				0E17BEFB19FC927A0042C4DD /* ItemDetailViewController.m */,
			);
			name = Detail;
			sourceTree = "<group>";
		};
		0ECAC3A61A01C4BC002866DE /* Search */ = {
			isa = PBXGroup;
			children = (
				0ECAC3A71A01C51D002866DE /* SearchItemViewController.h */,
				0ECAC3A81A01C51D002866DE /* SearchItemViewController.m */,
				0ECAC39419FF59FA002866DE /* SearchResultViewController.h */,
				0ECAC39519FF59FA002866DE /* SearchResultViewController.m */,
				0ECAC3B01A01CA2F002866DE /* CategoryCell.h */,
				0ECAC3B11A01CA2F002866DE /* CategoryCell.m */,
				0ECAC3B21A01CA2F002866DE /* CategoryCell.xib */,
			);
			name = Search;
			sourceTree = "<group>";
		};
/* End PBXGroup section */

/* Begin PBXNativeTarget section */
		0E17BECD19FC8BAE0042C4DD /* Hooli */ = {
			isa = PBXNativeTarget;
			buildConfigurationList = 0E17BEF119FC8BAE0042C4DD /* Build configuration list for PBXNativeTarget "Hooli" */;
			buildPhases = (
				0E17BECA19FC8BAE0042C4DD /* Sources */,
				0E17BECB19FC8BAE0042C4DD /* Frameworks */,
				0E17BECC19FC8BAE0042C4DD /* Resources */,
			);
			buildRules = (
			);
			dependencies = (
			);
			name = Hooli;
			productName = Hooli;
			productReference = 0E17BECE19FC8BAE0042C4DD /* Hooli.app */;
			productType = "com.apple.product-type.application";
		};
		0E17BEE619FC8BAE0042C4DD /* HooliTests */ = {
			isa = PBXNativeTarget;
			buildConfigurationList = 0E17BEF419FC8BAE0042C4DD /* Build configuration list for PBXNativeTarget "HooliTests" */;
			buildPhases = (
				0E17BEE319FC8BAE0042C4DD /* Sources */,
				0E17BEE419FC8BAE0042C4DD /* Frameworks */,
				0E17BEE519FC8BAE0042C4DD /* Resources */,
			);
			buildRules = (
			);
			dependencies = (
				0E17BEE919FC8BAE0042C4DD /* PBXTargetDependency */,
			);
			name = HooliTests;
			productName = HooliTests;
			productReference = 0E17BEE719FC8BAE0042C4DD /* HooliTests.xctest */;
			productType = "com.apple.product-type.bundle.unit-test";
		};
/* End PBXNativeTarget section */

/* Begin PBXProject section */
		0E17BEC619FC8BAE0042C4DD /* Project object */ = {
			isa = PBXProject;
			attributes = {
				LastUpgradeCheck = 0600;
				ORGANIZATIONNAME = ErLi;
				TargetAttributes = {
					0E17BECD19FC8BAE0042C4DD = {
						CreatedOnToolsVersion = 6.0.1;
					};
					0E17BEE619FC8BAE0042C4DD = {
						CreatedOnToolsVersion = 6.0.1;
						TestTargetID = 0E17BECD19FC8BAE0042C4DD;
					};
				};
			};
			buildConfigurationList = 0E17BEC919FC8BAE0042C4DD /* Build configuration list for PBXProject "Hooli" */;
			compatibilityVersion = "Xcode 3.2";
			developmentRegion = English;
			hasScannedForEncodings = 0;
			knownRegions = (
				en,
				Base,
			);
			mainGroup = 0E17BEC519FC8BAE0042C4DD;
			productRefGroup = 0E17BECF19FC8BAE0042C4DD /* Products */;
			projectDirPath = "";
			projectRoot = "";
			targets = (
				0E17BECD19FC8BAE0042C4DD /* Hooli */,
				0E17BEE619FC8BAE0042C4DD /* HooliTests */,
			);
		};
/* End PBXProject section */

/* Begin PBXResourcesBuildPhase section */
		0E17BECC19FC8BAE0042C4DD /* Resources */ = {
			isa = PBXResourcesBuildPhase;
			buildActionMask = 2147483647;
			files = (
				0E17BF9619FE04800042C4DD /* pink-heart.png in Resources */,
				0ECAC36F19FF2A65002866DE /* pageControl-dot@2x.png in Resources */,
				0ECAC38D19FF4412002866DE /* ItemCell.xib in Resources */,
				0ECAC37319FF2B78002866DE /* Details1.png in Resources */,
				0ECAC35E19FF1BCC002866DE /* button.png in Resources */,
				0E17BEDD19FC8BAE0042C4DD /* Main.storyboard in Resources */,
				0ECAC35F19FF1BCC002866DE /* button-pressed@2x.png in Resources */,
				0E0019D11A0B3F660086CD77 /* Ariel1.png in Resources */,
				0ECAC36E19FF2A65002866DE /* pageControl-dot-selected@2x.png in Resources */,
				0ECAC35D19FF1BCC002866DE /* button-pressed.png in Resources */,
				0E0019CF1A0B3DF30086CD77 /* image.png in Resources */,
				0E0019DE1A0E948F0086CD77 /* sliderMaxTrack.png in Resources */,
				0ECAC37519FF2B78002866DE /* Details3.png in Resources */,
				0E17BF9719FE04800042C4DD /* pink-heart@2x.png in Resources */,
				0E17BF9519FE04800042C4DD /* pink-eye@2x.png in Resources */,
				0E0019E01A0E948F0086CD77 /* sliderMinTrack.png in Resources */,
				0E17BF9419FE04800042C4DD /* pink-eye.png in Resources */,
				0E17BF9A19FE04800042C4DD /* tab3.png in Resources */,
				0ECAC3B41A01CA2F002866DE /* CategoryCell.xib in Resources */,
				0ECAC37419FF2B78002866DE /* Details2.png in Resources */,
				0E17BF8F19FE04800042C4DD /* collections2.png in Resources */,
				0E0019E11A0E948F0086CD77 /* sliderMinTrack@2x.png in Resources */,
				0E17BEE219FC8BAE0042C4DD /* LaunchScreen.xib in Resources */,
				0E17BF9019FE04800042C4DD /* collections3.png in Resources */,
				0E17BEDF19FC8BAE0042C4DD /* Images.xcassets in Resources */,
				0ECAC3BB1A01D4AA002866DE /* CameraOverlayViewController.xib in Resources */,
				0ECAC36919FF2983002866DE /* LICENSE in Resources */,
				0E17BF9819FE04800042C4DD /* tab1.png in Resources */,
				0E17BF9C19FE04800042C4DD /* tab5.png in Resources */,
				0E17BF9B19FE04800042C4DD /* tab4.png in Resources */,
				0ECAC36019FF1BCC002866DE /* button@2x.png in Resources */,
				0E2A12621A05A3DE0036F8EB /* shadow.png in Resources */,
				0ECAC39C1A01B820002866DE /* Detail.storyboard in Resources */,
				0E0019DF1A0E948F0086CD77 /* sliderMaxTrack@2x.png in Resources */,
				0E17BF9119FE04800042C4DD /* collections4.png in Resources */,
				0E17BF9919FE04800042C4DD /* tab2.png in Resources */,
				0E17BF9319FE04800042C4DD /* collections6.png in Resources */,
				0E17BF8E19FE04800042C4DD /* collections1.png in Resources */,
				0E17BF9219FE04800042C4DD /* collections5.png in Resources */,
			);
			runOnlyForDeploymentPostprocessing = 0;
		};
		0E17BEE519FC8BAE0042C4DD /* Resources */ = {
			isa = PBXResourcesBuildPhase;
			buildActionMask = 2147483647;
			files = (
			);
			runOnlyForDeploymentPostprocessing = 0;
		};
/* End PBXResourcesBuildPhase section */

/* Begin PBXSourcesBuildPhase section */
		0E17BECA19FC8BAE0042C4DD /* Sources */ = {
			isa = PBXSourcesBuildPhase;
			buildActionMask = 2147483647;
			files = (
				0E17BED719FC8BAE0042C4DD /* AppDelegate.m in Sources */,
				0E17BF2819FC99800042C4DD /* DataSource.m in Sources */,
				0ECAC3BE1A01FA6B002866DE /* HomeTabBarController.m in Sources */,
				0E17BF6419FDFA7F0042C4DD /* LoginViewController.m in Sources */,
				0E17BF5119FDD1250042C4DD /* MyCameraViewController.m in Sources */,
				0E2A125D1A05996D0036F8EB /* OfferCategory.m in Sources */,
				0E17BF3F19FCA7FF0042C4DD /* HomeViewViewController.m in Sources */,
				0E2A12651A060A620036F8EB /* ImageManager.m in Sources */,
				0E0019D71A0E91CD0086CD77 /* OfferFilterViewController.m in Sources */,
				0E0019D41A0C95B20086CD77 /* MyCartCollectionView.m in Sources */,
				0E17BF0819FC94410042C4DD /* HLTheme.m in Sources */,
				0E2A12571A052B340036F8EB /* OfferModel.m in Sources */,
				0ECAC3B31A01CA2F002866DE /* CategoryCell.m in Sources */,
				0E17BF5719FDD1B20042C4DD /* MapViewController.m in Sources */,
				0E0019C81A09E5A00086CD77 /* HLSettings.m in Sources */,
				0ECAC37819FF2BAC002866DE /* AccountManager.m in Sources */,
				0ECAC36B19FF2983002866DE /* SMPageControl.m in Sources */,
				0ECAC36319FF22C6002866DE /* LocationManager.m in Sources */,
				0E2A12601A0599CD0036F8EB /* HLConstant.m in Sources */,
				0E0019C51A09E34B0086CD77 /* SelectCategoryTableViewController.m in Sources */,
				0ECAC39619FF59FA002866DE /* SearchResultViewController.m in Sources */,
				0ECAC39019FF502B002866DE /* MainCollectionViewFlowLayout.m in Sources */,
				0E17BED419FC8BAE0042C4DD /* main.m in Sources */,
				0ECAC3A91A01C51D002866DE /* SearchItemViewController.m in Sources */,
				0E17BF4E19FDCF0C0042C4DD /* MyCartViewController.m in Sources */,
				0E17BF5419FDD1430042C4DD /* MyProfileViewController.m in Sources */,
				0E2A12541A052AF90036F8EB /* OffersManager.m in Sources */,
				0ECAC39319FF5880002866DE /* MainCollectionView.m in Sources */,
				0E17BEFC19FC927A0042C4DD /* ItemDetailViewController.m in Sources */,
				0ECAC36A19FF2983002866DE /* readme.md in Sources */,
				0ECAC38C19FF4412002866DE /* ItemCell.m in Sources */,
				0E17BF6019FDE9230042C4DD /* MBProgressHUD.m in Sources */,
				0ECAC3BA1A01D4AA002866DE /* CameraOverlayViewController.m in Sources */,
			);
			runOnlyForDeploymentPostprocessing = 0;
		};
		0E17BEE319FC8BAE0042C4DD /* Sources */ = {
			isa = PBXSourcesBuildPhase;
			buildActionMask = 2147483647;
			files = (
				0E17BEEE19FC8BAE0042C4DD /* HooliTests.m in Sources */,
			);
			runOnlyForDeploymentPostprocessing = 0;
		};
/* End PBXSourcesBuildPhase section */

/* Begin PBXTargetDependency section */
		0E17BEE919FC8BAE0042C4DD /* PBXTargetDependency */ = {
			isa = PBXTargetDependency;
			target = 0E17BECD19FC8BAE0042C4DD /* Hooli */;
			targetProxy = 0E17BEE819FC8BAE0042C4DD /* PBXContainerItemProxy */;
		};
/* End PBXTargetDependency section */

/* Begin PBXVariantGroup section */
		0E17BEDB19FC8BAE0042C4DD /* Main.storyboard */ = {
			isa = PBXVariantGroup;
			children = (
				0E17BEDC19FC8BAE0042C4DD /* Base */,
			);
			name = Main.storyboard;
			sourceTree = "<group>";
		};
		0E17BEE019FC8BAE0042C4DD /* LaunchScreen.xib */ = {
			isa = PBXVariantGroup;
			children = (
				0E17BEE119FC8BAE0042C4DD /* Base */,
			);
			name = LaunchScreen.xib;
			sourceTree = "<group>";
		};
/* End PBXVariantGroup section */

/* Begin XCBuildConfiguration section */
		0E17BEEF19FC8BAE0042C4DD /* Debug */ = {
			isa = XCBuildConfiguration;
			buildSettings = {
				ALWAYS_SEARCH_USER_PATHS = NO;
				CLANG_CXX_LANGUAGE_STANDARD = "gnu++0x";
				CLANG_CXX_LIBRARY = "libc++";
				CLANG_ENABLE_MODULES = YES;
				CLANG_ENABLE_OBJC_ARC = YES;
				CLANG_WARN_BOOL_CONVERSION = YES;
				CLANG_WARN_CONSTANT_CONVERSION = YES;
				CLANG_WARN_DIRECT_OBJC_ISA_USAGE = YES_ERROR;
				CLANG_WARN_EMPTY_BODY = YES;
				CLANG_WARN_ENUM_CONVERSION = YES;
				CLANG_WARN_INT_CONVERSION = YES;
				CLANG_WARN_OBJC_ROOT_CLASS = YES_ERROR;
				CLANG_WARN_UNREACHABLE_CODE = YES;
				CLANG_WARN__DUPLICATE_METHOD_MATCH = YES;
				"CODE_SIGN_IDENTITY[sdk=iphoneos*]" = "iPhone Developer";
				COPY_PHASE_STRIP = NO;
				ENABLE_STRICT_OBJC_MSGSEND = YES;
				GCC_C_LANGUAGE_STANDARD = gnu99;
				GCC_DYNAMIC_NO_PIC = NO;
				GCC_OPTIMIZATION_LEVEL = 0;
				GCC_PREPROCESSOR_DEFINITIONS = (
					"DEBUG=1",
					"$(inherited)",
				);
				GCC_SYMBOLS_PRIVATE_EXTERN = NO;
				GCC_WARN_64_TO_32_BIT_CONVERSION = YES;
				GCC_WARN_ABOUT_RETURN_TYPE = YES_ERROR;
				GCC_WARN_UNDECLARED_SELECTOR = YES;
				GCC_WARN_UNINITIALIZED_AUTOS = YES_AGGRESSIVE;
				GCC_WARN_UNUSED_FUNCTION = YES;
				GCC_WARN_UNUSED_VARIABLE = YES;
				IPHONEOS_DEPLOYMENT_TARGET = 8.0;
				MTL_ENABLE_DEBUG_INFO = YES;
				ONLY_ACTIVE_ARCH = YES;
				SDKROOT = iphoneos;
			};
			name = Debug;
		};
		0E17BEF019FC8BAE0042C4DD /* Release */ = {
			isa = XCBuildConfiguration;
			buildSettings = {
				ALWAYS_SEARCH_USER_PATHS = NO;
				CLANG_CXX_LANGUAGE_STANDARD = "gnu++0x";
				CLANG_CXX_LIBRARY = "libc++";
				CLANG_ENABLE_MODULES = YES;
				CLANG_ENABLE_OBJC_ARC = YES;
				CLANG_WARN_BOOL_CONVERSION = YES;
				CLANG_WARN_CONSTANT_CONVERSION = YES;
				CLANG_WARN_DIRECT_OBJC_ISA_USAGE = YES_ERROR;
				CLANG_WARN_EMPTY_BODY = YES;
				CLANG_WARN_ENUM_CONVERSION = YES;
				CLANG_WARN_INT_CONVERSION = YES;
				CLANG_WARN_OBJC_ROOT_CLASS = YES_ERROR;
				CLANG_WARN_UNREACHABLE_CODE = YES;
				CLANG_WARN__DUPLICATE_METHOD_MATCH = YES;
				"CODE_SIGN_IDENTITY[sdk=iphoneos*]" = "iPhone Developer";
				COPY_PHASE_STRIP = YES;
				ENABLE_NS_ASSERTIONS = NO;
				ENABLE_STRICT_OBJC_MSGSEND = YES;
				GCC_C_LANGUAGE_STANDARD = gnu99;
				GCC_WARN_64_TO_32_BIT_CONVERSION = YES;
				GCC_WARN_ABOUT_RETURN_TYPE = YES_ERROR;
				GCC_WARN_UNDECLARED_SELECTOR = YES;
				GCC_WARN_UNINITIALIZED_AUTOS = YES_AGGRESSIVE;
				GCC_WARN_UNUSED_FUNCTION = YES;
				GCC_WARN_UNUSED_VARIABLE = YES;
				IPHONEOS_DEPLOYMENT_TARGET = 8.0;
				MTL_ENABLE_DEBUG_INFO = NO;
				SDKROOT = iphoneos;
				VALIDATE_PRODUCT = YES;
			};
			name = Release;
		};
		0E17BEF219FC8BAE0042C4DD /* Debug */ = {
			isa = XCBuildConfiguration;
			buildSettings = {
				ASSETCATALOG_COMPILER_APPICON_NAME = AppIcon;
				FRAMEWORK_SEARCH_PATHS = (
					"$(inherited)",
					"$(PROJECT_DIR)",
				);
				INFOPLIST_FILE = Hooli/Info.plist;
				LD_RUNPATH_SEARCH_PATHS = "$(inherited) @executable_path/Frameworks";
				PRODUCT_NAME = "$(TARGET_NAME)";
			};
			name = Debug;
		};
		0E17BEF319FC8BAE0042C4DD /* Release */ = {
			isa = XCBuildConfiguration;
			buildSettings = {
				ASSETCATALOG_COMPILER_APPICON_NAME = AppIcon;
				FRAMEWORK_SEARCH_PATHS = (
					"$(inherited)",
					"$(PROJECT_DIR)",
				);
				INFOPLIST_FILE = Hooli/Info.plist;
				LD_RUNPATH_SEARCH_PATHS = "$(inherited) @executable_path/Frameworks";
				PRODUCT_NAME = "$(TARGET_NAME)";
			};
			name = Release;
		};
		0E17BEF519FC8BAE0042C4DD /* Debug */ = {
			isa = XCBuildConfiguration;
			buildSettings = {
				BUNDLE_LOADER = "$(TEST_HOST)";
				FRAMEWORK_SEARCH_PATHS = (
					"$(SDKROOT)/Developer/Library/Frameworks",
					"$(inherited)",
				);
				GCC_PREPROCESSOR_DEFINITIONS = (
					"DEBUG=1",
					"$(inherited)",
				);
				INFOPLIST_FILE = HooliTests/Info.plist;
				LD_RUNPATH_SEARCH_PATHS = "$(inherited) @executable_path/Frameworks @loader_path/Frameworks";
				PRODUCT_NAME = "$(TARGET_NAME)";
				TEST_HOST = "$(BUILT_PRODUCTS_DIR)/Hooli.app/Hooli";
			};
			name = Debug;
		};
		0E17BEF619FC8BAE0042C4DD /* Release */ = {
			isa = XCBuildConfiguration;
			buildSettings = {
				BUNDLE_LOADER = "$(TEST_HOST)";
				FRAMEWORK_SEARCH_PATHS = (
					"$(SDKROOT)/Developer/Library/Frameworks",
					"$(inherited)",
				);
				INFOPLIST_FILE = HooliTests/Info.plist;
				LD_RUNPATH_SEARCH_PATHS = "$(inherited) @executable_path/Frameworks @loader_path/Frameworks";
				PRODUCT_NAME = "$(TARGET_NAME)";
				TEST_HOST = "$(BUILT_PRODUCTS_DIR)/Hooli.app/Hooli";
			};
			name = Release;
		};
/* End XCBuildConfiguration section */

/* Begin XCConfigurationList section */
		0E17BEC919FC8BAE0042C4DD /* Build configuration list for PBXProject "Hooli" */ = {
			isa = XCConfigurationList;
			buildConfigurations = (
				0E17BEEF19FC8BAE0042C4DD /* Debug */,
				0E17BEF019FC8BAE0042C4DD /* Release */,
			);
			defaultConfigurationIsVisible = 0;
			defaultConfigurationName = Release;
		};
		0E17BEF119FC8BAE0042C4DD /* Build configuration list for PBXNativeTarget "Hooli" */ = {
			isa = XCConfigurationList;
			buildConfigurations = (
				0E17BEF219FC8BAE0042C4DD /* Debug */,
				0E17BEF319FC8BAE0042C4DD /* Release */,
			);
			defaultConfigurationIsVisible = 0;
			defaultConfigurationName = Release;
		};
		0E17BEF419FC8BAE0042C4DD /* Build configuration list for PBXNativeTarget "HooliTests" */ = {
			isa = XCConfigurationList;
			buildConfigurations = (
				0E17BEF519FC8BAE0042C4DD /* Debug */,
				0E17BEF619FC8BAE0042C4DD /* Release */,
			);
			defaultConfigurationIsVisible = 0;
			defaultConfigurationName = Release;
		};
/* End XCConfigurationList section */
	};
	rootObject = 0E17BEC619FC8BAE0042C4DD /* Project object */;
}
